
Microsoft Visual Studio Solution File, Format Version 12.00
# Visual Studio 15
VisualStudioVersion = 15.0.26403.7
MinimumVisualStudioVersion = 10.0.40219.1
Project("{2150E333-8FDC-42A3-9474-1A3956D46DE8}") = "Data", "Data", "{C2471CCD-ED33-4555-8761-53D273A8FB65}"
EndProject
Project("{2150E333-8FDC-42A3-9474-1A3956D46DE8}") = "Repo", "Repo", "{606E683A-B794-464D-A7A6-BCA1348C2B24}"
EndProject
Project("{2150E333-8FDC-42A3-9474-1A3956D46DE8}") = "Services", "Services", "{96602039-3326-471E-8C3F-03B360ACA74B}"
EndProject
Project("{2150E333-8FDC-42A3-9474-1A3956D46DE8}") = "Web", "Web", "{EF5B9143-9B7E-445C-9C9A-48C5C2E6FC6F}"
EndProject
Project("{9A19103F-16F7-4668-BE54-9A1E7A4F7556}") = "EFCore.Data.Models", "EFCore.Data.Models\EFCore.Data.Models.csproj", "{6FF96F06-D0B6-46B8-8EA4-EFC90FF2ADD9}"
EndProject
Project("{9A19103F-16F7-4668-BE54-9A1E7A4F7556}") = "EFCore.Repo", "EFCore.Repo\EFCore.Repo.csproj", "{BC9FC88C-2B0B-41AF-BDEE-1F93A32DB557}"
EndProject
Project("{9A19103F-16F7-4668-BE54-9A1E7A4F7556}") = "EFCore.Repo.Context", "EFCore.Repo.Context\EFCore.Repo.Context.csproj", "{D16732EF-8E67-46C2-9BD4-BC2087B627E0}"
EndProject
Project("{9A19103F-16F7-4668-BE54-9A1E7A4F7556}") = "EFCore.Repo.Interfaces", "EFCore.Repo.Interfaces\EFCore.Repo.Interfaces.csproj", "{3E233B91-8798-4901-84F4-C23CF924BEAD}"
EndProject
Project("{9A19103F-16F7-4668-BE54-9A1E7A4F7556}") = "EFCore.Services", "EFCore.Services\EFCore.Services.csproj", "{53BA0398-E1B6-4ADB-8DA1-A57F3C388804}"
EndProject
Project("{9A19103F-16F7-4668-BE54-9A1E7A4F7556}") = "EFCore.Services.Interfaces", "EFCore.Services.Interfaces\EFCore.Services.Interfaces.csproj", "{4F54BFA7-6B17-4749-A9FC-C7AB5A5AF0B3}"
EndProject
Project("{9A19103F-16F7-4668-BE54-9A1E7A4F7556}") = "EFCore.Web", "EFCore.Web\EFCore.Web.csproj", "{D726A47A-BDD9-4DD8-80FE-158E28612946}"
EndProject
Project("{9A19103F-16F7-4668-BE54-9A1E7A4F7556}") = "EFCore.Repo.Maps", "EFCore.Repo.Maps\EFCore.Repo.Maps.csproj", "{929FC56C-4506-4C89-956C-F387F270CC7E}"
EndProject
Global
	GlobalSection(SolutionConfigurationPlatforms) = preSolution
		Debug|Any CPU = Debug|Any CPU
		Release|Any CPU = Release|Any CPU
	EndGlobalSection
	GlobalSection(ProjectConfigurationPlatforms) = postSolution
		{6FF96F06-D0B6-46B8-8EA4-EFC90FF2ADD9}.Debug|Any CPU.ActiveCfg = Debug|Any CPU
		{6FF96F06-D0B6-46B8-8EA4-EFC90FF2ADD9}.Debug|Any CPU.Build.0 = Debug|Any CPU
		{6FF96F06-D0B6-46B8-8EA4-EFC90FF2ADD9}.Release|Any CPU.ActiveCfg = Release|Any CPU
		{6FF96F06-D0B6-46B8-8EA4-EFC90FF2ADD9}.Release|Any CPU.Build.0 = Release|Any CPU
		{BC9FC88C-2B0B-41AF-BDEE-1F93A32DB557}.Debug|Any CPU.ActiveCfg = Debug|Any CPU
		{BC9FC88C-2B0B-41AF-BDEE-1F93A32DB557}.Debug|Any CPU.Build.0 = Debug|Any CPU
		{BC9FC88C-2B0B-41AF-BDEE-1F93A32DB557}.Release|Any CPU.ActiveCfg = Release|Any CPU
		{BC9FC88C-2B0B-41AF-BDEE-1F93A32DB557}.Release|Any CPU.Build.0 = Release|Any CPU
		{D16732EF-8E67-46C2-9BD4-BC2087B627E0}.Debug|Any CPU.ActiveCfg = Debug|Any CPU
		{D16732EF-8E67-46C2-9BD4-BC2087B627E0}.Debug|Any CPU.Build.0 = Debug|Any CPU
		{D16732EF-8E67-46C2-9BD4-BC2087B627E0}.Release|Any CPU.ActiveCfg = Release|Any CPU
		{D16732EF-8E67-46C2-9BD4-BC2087B627E0}.Release|Any CPU.Build.0 = Release|Any CPU
		{3E233B91-8798-4901-84F4-C23CF924BEAD}.Debug|Any CPU.ActiveCfg = Debug|Any CPU
		{3E233B91-8798-4901-84F4-C23CF924BEAD}.Debug|Any CPU.Build.0 = Debug|Any CPU
		{3E233B91-8798-4901-84F4-C23CF924BEAD}.Release|Any CPU.ActiveCfg = Release|Any CPU
		{3E233B91-8798-4901-84F4-C23CF924BEAD}.Release|Any CPU.Build.0 = Release|Any CPU
		{53BA0398-E1B6-4ADB-8DA1-A57F3C388804}.Debug|Any CPU.ActiveCfg = Debug|Any CPU
		{53BA0398-E1B6-4ADB-8DA1-A57F3C388804}.Debug|Any CPU.Build.0 = Debug|Any CPU
		{53BA0398-E1B6-4ADB-8DA1-A57F3C388804}.Release|Any CPU.ActiveCfg = Release|Any CPU
		{53BA0398-E1B6-4ADB-8DA1-A57F3C388804}.Release|Any CPU.Build.0 = Release|Any CPU
		{4F54BFA7-6B17-4749-A9FC-C7AB5A5AF0B3}.Debug|Any CPU.ActiveCfg = Debug|Any CPU
		{4F54BFA7-6B17-4749-A9FC-C7AB5A5AF0B3}.Debug|Any CPU.Build.0 = Debug|Any CPU
		{4F54BFA7-6B17-4749-A9FC-C7AB5A5AF0B3}.Release|Any CPU.ActiveCfg = Release|Any CPU
		{4F54BFA7-6B17-4749-A9FC-C7AB5A5AF0B3}.Release|Any CPU.Build.0 = Release|Any CPU
		{D726A47A-BDD9-4DD8-80FE-158E28612946}.Debug|Any CPU.ActiveCfg = Debug|Any CPU
		{D726A47A-BDD9-4DD8-80FE-158E28612946}.Debug|Any CPU.Build.0 = Debug|Any CPU
		{D726A47A-BDD9-4DD8-80FE-158E28612946}.Release|Any CPU.ActiveCfg = Release|Any CPU
		{D726A47A-BDD9-4DD8-80FE-158E28612946}.Release|Any CPU.Build.0 = Release|Any CPU
		{929FC56C-4506-4C89-956C-F387F270CC7E}.Debug|Any CPU.ActiveCfg = Debug|Any CPU
		{929FC56C-4506-4C89-956C-F387F270CC7E}.Debug|Any CPU.Build.0 = Debug|Any CPU
		{929FC56C-4506-4C89-956C-F387F270CC7E}.Release|Any CPU.ActiveCfg = Release|Any CPU
		{929FC56C-4506-4C89-956C-F387F270CC7E}.Release|Any CPU.Build.0 = Release|Any CPU
	EndGlobalSection
	GlobalSection(SolutionProperties) = preSolution
		HideSolutionNode = FALSE
	EndGlobalSection
	GlobalSection(NestedProjects) = preSolution
		{6FF96F06-D0B6-46B8-8EA4-EFC90FF2ADD9} = {C2471CCD-ED33-4555-8761-53D273A8FB65}
		{BC9FC88C-2B0B-41AF-BDEE-1F93A32DB557} = {606E683A-B794-464D-A7A6-BCA1348C2B24}
		{D16732EF-8E67-46C2-9BD4-BC2087B627E0} = {606E683A-B794-464D-A7A6-BCA1348C2B24}
		{3E233B91-8798-4901-84F4-C23CF924BEAD} = {606E683A-B794-464D-A7A6-BCA1348C2B24}
		{53BA0398-E1B6-4ADB-8DA1-A57F3C388804} = {96602039-3326-471E-8C3F-03B360ACA74B}
		{4F54BFA7-6B17-4749-A9FC-C7AB5A5AF0B3} = {96602039-3326-471E-8C3F-03B360ACA74B}
		{D726A47A-BDD9-4DD8-80FE-158E28612946} = {EF5B9143-9B7E-445C-9C9A-48C5C2E6FC6F}
		{929FC56C-4506-4C89-956C-F387F270CC7E} = {606E683A-B794-464D-A7A6-BCA1348C2B24}
	EndGlobalSection
EndGlobal
